
Microsoft Visual Studio Solution File, Format Version 12.00
# Visual Studio 2013
VisualStudioVersion = 12.0.31101.0
MinimumVisualStudioVersion = 10.0.40219.1
Project("{8BC9CEB8-8B4A-11D0-8D11-00A0C91BC942}") = "TestCUDA", "TestCUDA\TestCUDA.vcxproj", "{7FCE5309-1B6D-4E80-B691-4BFEB3184EAF}"
EndProject
Project("{FAE04EC0-301F-11D3-BF4B-00C04F79EFBC}") = "CsharpApp", "CsharpApp\CsharpApp.csproj", "{2156AC3F-162E-4221-9A64-47AD3E7A2A56}"
EndProject
Global
	GlobalSection(SolutionConfigurationPlatforms) = preSolution
		Debug|Any CPU = Debug|Any CPU
		Debug|Mixed Platforms = Debug|Mixed Platforms
		Debug|Win32 = Debug|Win32
		Debug|x64 = Debug|x64
		Release|Any CPU = Release|Any CPU
		Release|Mixed Platforms = Release|Mixed Platforms
		Release|Win32 = Release|Win32
		Release|x64 = Release|x64
	EndGlobalSection
	GlobalSection(ProjectConfigurationPlatforms) = postSolution
		{7FCE5309-1B6D-4E80-B691-4BFEB3184EAF}.Debug|Any CPU.ActiveCfg = Debug|Win32
		{7FCE5309-1B6D-4E80-B691-4BFEB3184EAF}.Debug|Mixed Platforms.ActiveCfg = Debug|Win32
		{7FCE5309-1B6D-4E80-B691-4BFEB3184EAF}.Debug|Mixed Platforms.Build.0 = Debug|Win32
		{7FCE5309-1B6D-4E80-B691-4BFEB3184EAF}.Debug|Win32.ActiveCfg = Debug|Win32
		{7FCE5309-1B6D-4E80-B691-4BFEB3184EAF}.Debug|Win32.Build.0 = Debug|Win32
		{7FCE5309-1B6D-4E80-B691-4BFEB3184EAF}.Debug|x64.ActiveCfg = Debug|x64
		{7FCE5309-1B6D-4E80-B691-4BFEB3184EAF}.Debug|x64.Build.0 = Debug|x64
		{7FCE5309-1B6D-4E80-B691-4BFEB3184EAF}.Release|Any CPU.ActiveCfg = Release|Win32
		{7FCE5309-1B6D-4E80-B691-4BFEB3184EAF}.Release|Mixed Platforms.ActiveCfg = Release|Win32
		{7FCE5309-1B6D-4E80-B691-4BFEB3184EAF}.Release|Mixed Platforms.Build.0 = Release|Win32
		{7FCE5309-1B6D-4E80-B691-4BFEB3184EAF}.Release|Win32.ActiveCfg = Release|Win32
		{7FCE5309-1B6D-4E80-B691-4BFEB3184EAF}.Release|Win32.Build.0 = Release|Win32
		{7FCE5309-1B6D-4E80-B691-4BFEB3184EAF}.Release|x64.ActiveCfg = Release|x64
		{7FCE5309-1B6D-4E80-B691-4BFEB3184EAF}.Release|x64.Build.0 = Release|x64
		{2156AC3F-162E-4221-9A64-47AD3E7A2A56}.Debug|Any CPU.ActiveCfg = Debug|Any CPU
		{2156AC3F-162E-4221-9A64-47AD3E7A2A56}.Debug|Any CPU.Build.0 = Debug|Any CPU
		{2156AC3F-162E-4221-9A64-47AD3E7A2A56}.Debug|Mixed Platforms.ActiveCfg = Debug|Any CPU
		{2156AC3F-162E-4221-9A64-47AD3E7A2A56}.Debug|Mixed Platforms.Build.0 = Debug|Any CPU
		{2156AC3F-162E-4221-9A64-47AD3E7A2A56}.Debug|Win32.ActiveCfg = Debug|Any CPU
		{2156AC3F-162E-4221-9A64-47AD3E7A2A56}.Debug|x64.ActiveCfg = Debug|Any CPU
		{2156AC3F-162E-4221-9A64-47AD3E7A2A56}.Release|Any CPU.ActiveCfg = Release|Any CPU
		{2156AC3F-162E-4221-9A64-47AD3E7A2A56}.Release|Any CPU.Build.0 = Release|Any CPU
		{2156AC3F-162E-4221-9A64-47AD3E7A2A56}.Release|Mixed Platforms.ActiveCfg = Release|Any CPU
		{2156AC3F-162E-4221-9A64-47AD3E7A2A56}.Release|Mixed Platforms.Build.0 = Release|Any CPU
		{2156AC3F-162E-4221-9A64-47AD3E7A2A56}.Release|Win32.ActiveCfg = Release|Any CPU
		{2156AC3F-162E-4221-9A64-47AD3E7A2A56}.Release|x64.ActiveCfg = Release|Any CPU
	EndGlobalSection
	GlobalSection(SolutionProperties) = preSolution
		HideSolutionNode = FALSE
	EndGlobalSection
EndGlobal
